
Microsoft Visual Studio Solution File, Format Version 12.00
# Visual Studio 2013
VisualStudioVersion = 12.0.21005.1
MinimumVisualStudioVersion = 10.0.40219.1
Project("{8BC9CEB8-8B4A-11D0-8D11-00A0C91BC942}") = "day_08_05", "day_08_05\day_08_05.vcxproj", "{9430C60D-6A1A-4F45-BC2C-080B5E46A6B2}"
EndProject
Global
	GlobalSection(SolutionConfigurationPlatforms) = preSolution
		Debug|Win32 = Debug|Win32
		Release|Win32 = Release|Win32
	EndGlobalSection
	GlobalSection(ProjectConfigurationPlatforms) = postSolution
		{9430C60D-6A1A-4F45-BC2C-080B5E46A6B2}.Debug|Win32.ActiveCfg = Debug|Win32
		{9430C60D-6A1A-4F45-BC2C-080B5E46A6B2}.Debug|Win32.Build.0 = Debug|Win32
		{9430C60D-6A1A-4F45-BC2C-080B5E46A6B2}.Release|Win32.ActiveCfg = Release|Win32
		{9430C60D-6A1A-4F45-BC2C-080B5E46A6B2}.Release|Win32.Build.0 = Release|Win32
	EndGlobalSection
	GlobalSection(SolutionProperties) = preSolution
		HideSolutionNode = FALSE
	EndGlobalSection
EndGlobal
