
Microsoft Visual Studio Solution File, Format Version 12.00
# Visual Studio 2013
VisualStudioVersion = 12.0.21005.1
MinimumVisualStudioVersion = 10.0.40219.1
Project("{8BC9CEB8-8B4A-11D0-8D11-00A0C91BC942}") = "20210523const", "20210523const\20210523const.vcxproj", "{D063964D-843B-479A-B3EF-4BDF866C7EDD}"
EndProject
Global
	GlobalSection(SolutionConfigurationPlatforms) = preSolution
		Debug|Win32 = Debug|Win32
		Release|Win32 = Release|Win32
	EndGlobalSection
	GlobalSection(ProjectConfigurationPlatforms) = postSolution
		{D063964D-843B-479A-B3EF-4BDF866C7EDD}.Debug|Win32.ActiveCfg = Debug|Win32
		{D063964D-843B-479A-B3EF-4BDF866C7EDD}.Debug|Win32.Build.0 = Debug|Win32
		{D063964D-843B-479A-B3EF-4BDF866C7EDD}.Release|Win32.ActiveCfg = Release|Win32
		{D063964D-843B-479A-B3EF-4BDF866C7EDD}.Release|Win32.Build.0 = Release|Win32
	EndGlobalSection
	GlobalSection(SolutionProperties) = preSolution
		HideSolutionNode = FALSE
	EndGlobalSection
EndGlobal
