
Microsoft Visual Studio Solution File, Format Version 12.00
# Visual Studio 2013
VisualStudioVersion = 12.0.40629.0
MinimumVisualStudioVersion = 10.0.40219.1
Project("{8BC9CEB8-8B4A-11D0-8D11-00A0C91BC942}") = "day0429", "day0429\day0429.vcxproj", "{FD76F8A5-CD21-4DF4-B756-DECF5F0037E4}"
EndProject
Global
	GlobalSection(SolutionConfigurationPlatforms) = preSolution
		Debug|Win32 = Debug|Win32
		Release|Win32 = Release|Win32
	EndGlobalSection
	GlobalSection(ProjectConfigurationPlatforms) = postSolution
		{FD76F8A5-CD21-4DF4-B756-DECF5F0037E4}.Debug|Win32.ActiveCfg = Debug|Win32
		{FD76F8A5-CD21-4DF4-B756-DECF5F0037E4}.Debug|Win32.Build.0 = Debug|Win32
		{FD76F8A5-CD21-4DF4-B756-DECF5F0037E4}.Release|Win32.ActiveCfg = Release|Win32
		{FD76F8A5-CD21-4DF4-B756-DECF5F0037E4}.Release|Win32.Build.0 = Release|Win32
	EndGlobalSection
	GlobalSection(SolutionProperties) = preSolution
		HideSolutionNode = FALSE
	EndGlobalSection
EndGlobal
